
Microsoft Visual Studio Solution File, Format Version 12.00
# Visual Studio Version 17
VisualStudioVersion = 17.0.31903.59
MinimumVisualStudioVersion = 10.0.40219.1
Project("{FAE04EC0-301F-11D3-BF4B-00C04F79EFBC}") = "CapaNegocio", "CapaNegocio\CapaNegocio.csproj", "{F1E9B7D3-36E1-4660-A971-7C588B08FD82}"
EndProject
Project("{FAE04EC0-301F-11D3-BF4B-00C04F79EFBC}") = "CapaDatos", "CapaDatos\CapaDatos.csproj", "{40C2E982-5AEA-4BBF-B588-D8A63F183D2B}"
EndProject
Project("{FAE04EC0-301F-11D3-BF4B-00C04F79EFBC}") = "CapaModelo", "CapaModelo\CapaModelo.csproj", "{ED23B767-A73C-4D20-BC3D-002233CDD314}"
EndProject
Project("{2150E333-8FDC-42A3-9474-1A3956D46DE8}") = "ClassLibrary1", "ClassLibrary1", "{0059FE87-7B08-75C8-B669-B45A09D2B7BE}"
EndProject
Project("{FAE04EC0-301F-11D3-BF4B-00C04F79EFBC}") = "CapaUtilidades", "ClassLibrary1\CapaUtilidades.csproj", "{E524B0E7-E9A8-453B-88A7-BC7D06F67B8B}"
EndProject
Project("{FAE04EC0-301F-11D3-BF4B-00C04F79EFBC}") = "AOCR.Tests", "AOCR.Tests\AOCR.Tests.csproj", "{A1B2C3D4-E5F6-7890-ABCD-EF1234567890}"
EndProject
Global
	GlobalSection(SolutionConfigurationPlatforms) = preSolution
		Debug|Any CPU = Debug|Any CPU
		Debug|x64 = Debug|x64
		Debug|x86 = Debug|x86
		Release|Any CPU = Release|Any CPU
		Release|x64 = Release|x64
		Release|x86 = Release|x86
	EndGlobalSection
	GlobalSection(ProjectConfigurationPlatforms) = postSolution
		{F1E9B7D3-36E1-4660-A971-7C588B08FD82}.Debug|Any CPU.ActiveCfg = Debug|Any CPU
		{F1E9B7D3-36E1-4660-A971-7C588B08FD82}.Debug|Any CPU.Build.0 = Debug|Any CPU
		{F1E9B7D3-36E1-4660-A971-7C588B08FD82}.Debug|x64.ActiveCfg = Debug|Any CPU
		{F1E9B7D3-36E1-4660-A971-7C588B08FD82}.Debug|x64.Build.0 = Debug|Any CPU
		{F1E9B7D3-36E1-4660-A971-7C588B08FD82}.Debug|x86.ActiveCfg = Debug|Any CPU
		{F1E9B7D3-36E1-4660-A971-7C588B08FD82}.Debug|x86.Build.0 = Debug|Any CPU
		{F1E9B7D3-36E1-4660-A971-7C588B08FD82}.Release|Any CPU.ActiveCfg = Release|Any CPU
		{F1E9B7D3-36E1-4660-A971-7C588B08FD82}.Release|Any CPU.Build.0 = Release|Any CPU
		{F1E9B7D3-36E1-4660-A971-7C588B08FD82}.Release|x64.ActiveCfg = Release|Any CPU
		{F1E9B7D3-36E1-4660-A971-7C588B08FD82}.Release|x64.Build.0 = Release|Any CPU
		{F1E9B7D3-36E1-4660-A971-7C588B08FD82}.Release|x86.ActiveCfg = Release|Any CPU
		{F1E9B7D3-36E1-4660-A971-7C588B08FD82}.Release|x86.Build.0 = Release|Any CPU
		{40C2E982-5AEA-4BBF-B588-D8A63F183D2B}.Debug|Any CPU.ActiveCfg = Debug|Any CPU
		{40C2E982-5AEA-4BBF-B588-D8A63F183D2B}.Debug|Any CPU.Build.0 = Debug|Any CPU
		{40C2E982-5AEA-4BBF-B588-D8A63F183D2B}.Debug|x64.ActiveCfg = Debug|Any CPU
		{40C2E982-5AEA-4BBF-B588-D8A63F183D2B}.Debug|x64.Build.0 = Debug|Any CPU
		{40C2E982-5AEA-4BBF-B588-D8A63F183D2B}.Debug|x86.ActiveCfg = Debug|Any CPU
		{40C2E982-5AEA-4BBF-B588-D8A63F183D2B}.Debug|x86.Build.0 = Debug|Any CPU
		{40C2E982-5AEA-4BBF-B588-D8A63F183D2B}.Release|Any CPU.ActiveCfg = Release|Any CPU
		{40C2E982-5AEA-4BBF-B588-D8A63F183D2B}.Release|Any CPU.Build.0 = Release|Any CPU
		{40C2E982-5AEA-4BBF-B588-D8A63F183D2B}.Release|x64.ActiveCfg = Release|Any CPU
		{40C2E982-5AEA-4BBF-B588-D8A63F183D2B}.Release|x64.Build.0 = Release|Any CPU
		{40C2E982-5AEA-4BBF-B588-D8A63F183D2B}.Release|x86.ActiveCfg = Release|Any CPU
		{40C2E982-5AEA-4BBF-B588-D8A63F183D2B}.Release|x86.Build.0 = Release|Any CPU
		{ED23B767-A73C-4D20-BC3D-002233CDD314}.Debug|Any CPU.ActiveCfg = Debug|Any CPU
		{ED23B767-A73C-4D20-BC3D-002233CDD314}.Debug|Any CPU.Build.0 = Debug|Any CPU
		{ED23B767-A73C-4D20-BC3D-002233CDD314}.Debug|x64.ActiveCfg = Debug|Any CPU
		{ED23B767-A73C-4D20-BC3D-002233CDD314}.Debug|x64.Build.0 = Debug|Any CPU
		{ED23B767-A73C-4D20-BC3D-002233CDD314}.Debug|x86.ActiveCfg = Debug|Any CPU
		{ED23B767-A73C-4D20-BC3D-002233CDD314}.Debug|x86.Build.0 = Debug|Any CPU
		{ED23B767-A73C-4D20-BC3D-002233CDD314}.Release|Any CPU.ActiveCfg = Release|Any CPU
		{ED23B767-A73C-4D20-BC3D-002233CDD314}.Release|Any CPU.Build.0 = Release|Any CPU
		{ED23B767-A73C-4D20-BC3D-002233CDD314}.Release|x64.ActiveCfg = Release|Any CPU
		{ED23B767-A73C-4D20-BC3D-002233CDD314}.Release|x64.Build.0 = Release|Any CPU
		{ED23B767-A73C-4D20-BC3D-002233CDD314}.Release|x86.ActiveCfg = Release|Any CPU
		{ED23B767-A73C-4D20-BC3D-002233CDD314}.Release|x86.Build.0 = Release|Any CPU
		{E524B0E7-E9A8-453B-88A7-BC7D06F67B8B}.Debug|Any CPU.ActiveCfg = Debug|Any CPU
		{E524B0E7-E9A8-453B-88A7-BC7D06F67B8B}.Debug|Any CPU.Build.0 = Debug|Any CPU
		{E524B0E7-E9A8-453B-88A7-BC7D06F67B8B}.Debug|x64.ActiveCfg = Debug|Any CPU
		{E524B0E7-E9A8-453B-88A7-BC7D06F67B8B}.Debug|x64.Build.0 = Debug|Any CPU
		{E524B0E7-E9A8-453B-88A7-BC7D06F67B8B}.Debug|x86.ActiveCfg = Debug|Any CPU
		{E524B0E7-E9A8-453B-88A7-BC7D06F67B8B}.Debug|x86.Build.0 = Debug|Any CPU
		{E524B0E7-E9A8-453B-88A7-BC7D06F67B8B}.Release|Any CPU.ActiveCfg = Release|Any CPU
		{E524B0E7-E9A8-453B-88A7-BC7D06F67B8B}.Release|Any CPU.Build.0 = Release|Any CPU
		{E524B0E7-E9A8-453B-88A7-BC7D06F67B8B}.Release|x64.ActiveCfg = Release|Any CPU
		{E524B0E7-E9A8-453B-88A7-BC7D06F67B8B}.Release|x64.Build.0 = Release|Any CPU
		{E524B0E7-E9A8-453B-88A7-BC7D06F67B8B}.Release|x86.ActiveCfg = Release|Any CPU
		{E524B0E7-E9A8-453B-88A7-BC7D06F67B8B}.Release|x86.Build.0 = Release|Any CPU
		{A1B2C3D4-E5F6-7890-ABCD-EF1234567890}.Debug|Any CPU.ActiveCfg = Debug|Any CPU
		{A1B2C3D4-E5F6-7890-ABCD-EF1234567890}.Debug|Any CPU.Build.0 = Debug|Any CPU
		{A1B2C3D4-E5F6-7890-ABCD-EF1234567890}.Debug|x64.ActiveCfg = Debug|Any CPU
		{A1B2C3D4-E5F6-7890-ABCD-EF1234567890}.Debug|x64.Build.0 = Debug|Any CPU
		{A1B2C3D4-E5F6-7890-ABCD-EF1234567890}.Debug|x86.ActiveCfg = Debug|Any CPU
		{A1B2C3D4-E5F6-7890-ABCD-EF1234567890}.Debug|x86.Build.0 = Debug|Any CPU
		{A1B2C3D4-E5F6-7890-ABCD-EF1234567890}.Release|Any CPU.ActiveCfg = Release|Any CPU
		{A1B2C3D4-E5F6-7890-ABCD-EF1234567890}.Release|Any CPU.Build.0 = Release|Any CPU
		{A1B2C3D4-E5F6-7890-ABCD-EF1234567890}.Release|x64.ActiveCfg = Release|Any CPU
		{A1B2C3D4-E5F6-7890-ABCD-EF1234567890}.Release|x64.Build.0 = Release|Any CPU
		{A1B2C3D4-E5F6-7890-ABCD-EF1234567890}.Release|x86.ActiveCfg = Release|Any CPU
		{A1B2C3D4-E5F6-7890-ABCD-EF1234567890}.Release|x86.Build.0 = Release|Any CPU
	EndGlobalSection
	GlobalSection(SolutionProperties) = preSolution
		HideSolutionNode = FALSE
	EndGlobalSection
	GlobalSection(NestedProjects) = preSolution
		{E524B0E7-E9A8-453B-88A7-BC7D06F67B8B} = {0059FE87-7B08-75C8-B669-B45A09D2B7BE}
		{A1B2C3D4-E5F6-7890-ABCD-EF1234567890} = {0059FE87-7B08-75C8-B669-B45A09D2B7BE}
	EndGlobalSection
EndGlobal
